
Microsoft Visual Studio Solution File, Format Version 12.00
# Visual Studio Version 16
VisualStudioVersion = 16.0.29613.14
MinimumVisualStudioVersion = 10.0.40219.1
Project("{8BC9CEB8-8B4A-11D0-8D11-00A0C91BC942}") = "CS32HW2", "CS32HW2\CS32HW2.vcxproj", "{2440A74C-2FD8-4697-B6ED-3E6AB69C14FA}"
EndProject
Global
	GlobalSection(SolutionConfigurationPlatforms) = preSolution
		Debug|x64 = Debug|x64
		Debug|x86 = Debug|x86
		Release|x64 = Release|x64
		Release|x86 = Release|x86
	EndGlobalSection
	GlobalSection(ProjectConfigurationPlatforms) = postSolution
		{2440A74C-2FD8-4697-B6ED-3E6AB69C14FA}.Debug|x64.ActiveCfg = Debug|x64
		{2440A74C-2FD8-4697-B6ED-3E6AB69C14FA}.Debug|x64.Build.0 = Debug|x64
		{2440A74C-2FD8-4697-B6ED-3E6AB69C14FA}.Debug|x86.ActiveCfg = Debug|Win32
		{2440A74C-2FD8-4697-B6ED-3E6AB69C14FA}.Debug|x86.Build.0 = Debug|Win32
		{2440A74C-2FD8-4697-B6ED-3E6AB69C14FA}.Release|x64.ActiveCfg = Release|x64
		{2440A74C-2FD8-4697-B6ED-3E6AB69C14FA}.Release|x64.Build.0 = Release|x64
		{2440A74C-2FD8-4697-B6ED-3E6AB69C14FA}.Release|x86.ActiveCfg = Release|Win32
		{2440A74C-2FD8-4697-B6ED-3E6AB69C14FA}.Release|x86.Build.0 = Release|Win32
	EndGlobalSection
	GlobalSection(SolutionProperties) = preSolution
		HideSolutionNode = FALSE
	EndGlobalSection
	GlobalSection(ExtensibilityGlobals) = postSolution
		SolutionGuid = {3C8FDE2E-D8DA-4C25-B62C-4598D8BC5662}
	EndGlobalSection
EndGlobal
